
Microsoft Visual Studio Solution File, Format Version 12.00
# Visual Studio Version 16
VisualStudioVersion = 16.0.30413.136
MinimumVisualStudioVersion = 10.0.40219.1
Project("{FAE04EC0-301F-11D3-BF4B-00C04F79EFBC}") = "Tool_dotNetStandard", "Tool_dotNetStandard\Tool_dotNetStandard.csproj", "{463DD90E-492E-4319-83FA-AFE0CF583C39}"
EndProject
Global
	GlobalSection(SolutionConfigurationPlatforms) = preSolution
		Debug|Any CPU = Debug|Any CPU
		Release|Any CPU = Release|Any CPU
	EndGlobalSection
	GlobalSection(ProjectConfigurationPlatforms) = postSolution
		{463DD90E-492E-4319-83FA-AFE0CF583C39}.Debug|Any CPU.ActiveCfg = Debug|Any CPU
		{463DD90E-492E-4319-83FA-AFE0CF583C39}.Debug|Any CPU.Build.0 = Debug|Any CPU
		{463DD90E-492E-4319-83FA-AFE0CF583C39}.Release|Any CPU.ActiveCfg = Release|Any CPU
		{463DD90E-492E-4319-83FA-AFE0CF583C39}.Release|Any CPU.Build.0 = Release|Any CPU
	EndGlobalSection
	GlobalSection(SolutionProperties) = preSolution
		HideSolutionNode = FALSE
	EndGlobalSection
	GlobalSection(ExtensibilityGlobals) = postSolution
		SolutionGuid = {3D6A340B-7347-49B7-92D1-E553E2D7B9D4}
	EndGlobalSection
EndGlobal
